
Microsoft Visual Studio Solution File, Format Version 12.00
Project("{FAE04EC0-301F-11D3-BF4B-00C04F79EFBC}") = "Splashpaper", "Splashpaper\Splashpaper.csproj", "{50BD3FD2-B613-4969-B43B-C3EBCCA6902D}"
EndProject
Global
	GlobalSection(SolutionConfigurationPlatforms) = preSolution
		Debug|Any CPU = Debug|Any CPU
		Release|Any CPU = Release|Any CPU
	EndGlobalSection
	GlobalSection(ProjectConfigurationPlatforms) = postSolution
		{50BD3FD2-B613-4969-B43B-C3EBCCA6902D}.Debug|Any CPU.ActiveCfg = Debug|Any CPU
		{50BD3FD2-B613-4969-B43B-C3EBCCA6902D}.Debug|Any CPU.Build.0 = Debug|Any CPU
		{50BD3FD2-B613-4969-B43B-C3EBCCA6902D}.Release|Any CPU.ActiveCfg = Release|Any CPU
		{50BD3FD2-B613-4969-B43B-C3EBCCA6902D}.Release|Any CPU.Build.0 = Release|Any CPU
	EndGlobalSection
EndGlobal
